// !$*UTF8*$!
{
	archiveVersion = 1;
	classes = {
	};
	objectVersion = 50;
	objects = {

/* Begin PBXBuildFile section */
		21657FD72500FCF1007F0955 /* main.cpp in Sources */ = {isa = PBXBuildFile; fileRef = 21657FD62500FCF1007F0955 /* main.cpp */; };
/* End PBXBuildFile section */

/* Begin PBXCopyFilesBuildPhase section */
		21657FD12500FCF1007F0955 /* CopyFiles */ = {
			isa = PBXCopyFilesBuildPhase;
			buildActionMask = 2147483647;
			dstPath = /usr/share/man/man1/;
			dstSubfolderSpec = 0;
			files = (
			);
			runOnlyForDeploymentPostprocessing = 1;
		};
/* End PBXCopyFilesBuildPhase section */

/* Begin PBXFileReference section */
		21657FD32500FCF1007F0955 /* Course */ = {isa = PBXFileReference; explicitFileType = "compiled.mach-o.executable"; includeInIndex = 0; path = Course; sourceTree = BUILT_PRODUCTS_DIR; };
		21657FD62500FCF1007F0955 /* main.cpp */ = {isa = PBXFileReference; lastKnownFileType = sourcecode.cpp.cpp; path = main.cpp; sourceTree = "<group>"; };
		2173A4FD250A1CD100363CA8 /* part_one06.h */ = {isa = PBXFileReference; lastKnownFileType = sourcecode.c.h; path = part_one06.h; sourceTree = "<group>"; };
		2173A500250A207600363CA8 /* part_one05.h */ = {isa = PBXFileReference; lastKnownFileType = sourcecode.c.h; path = part_one05.h; sourceTree = "<group>"; };
		2173A501250A20EB00363CA8 /* part_two06.h */ = {isa = PBXFileReference; lastKnownFileType = sourcecode.c.h; path = part_two06.h; sourceTree = "<group>"; };
		2173A507250E339C00363CA8 /* part_three06.h */ = {isa = PBXFileReference; lastKnownFileType = sourcecode.c.h; path = part_three06.h; sourceTree = "<group>"; };
/* End PBXFileReference section */

/* Begin PBXFrameworksBuildPhase section */
		21657FD02500FCF1007F0955 /* Frameworks */ = {
			isa = PBXFrameworksBuildPhase;
			buildActionMask = 2147483647;
			files = (
			);
			runOnlyForDeploymentPostprocessing = 0;
		};
/* End PBXFrameworksBuildPhase section */

/* Begin PBXGroup section */
		21657FCA2500FCF1007F0955 = {
			isa = PBXGroup;
			children = (
				2173A4FE250A1F9E00363CA8 /* Chapter05 */,
				2173A4FA250A12B800363CA8 /* Chapter06 */,
				21657FD52500FCF1007F0955 /* Course */,
				21657FD42500FCF1007F0955 /* Products */,
			);
			sourceTree = "<group>";
		};
		21657FD42500FCF1007F0955 /* Products */ = {
			isa = PBXGroup;
			children = (
				21657FD32500FCF1007F0955 /* Course */,
			);
			name = Products;
			sourceTree = "<group>";
		};
		21657FD52500FCF1007F0955 /* Course */ = {
			isa = PBXGroup;
			children = (
				21657FD62500FCF1007F0955 /* main.cpp */,
			);
			path = Course;
			sourceTree = "<group>";
		};
		2173A4FA250A12B800363CA8 /* Chapter06 */ = {
			isa = PBXGroup;
			children = (
				2173A4FD250A1CD100363CA8 /* part_one06.h */,
				2173A501250A20EB00363CA8 /* part_two06.h */,
				2173A507250E339C00363CA8 /* part_three06.h */,
			);
			path = Chapter06;
			sourceTree = "<group>";
		};
		2173A4FE250A1F9E00363CA8 /* Chapter05 */ = {
			isa = PBXGroup;
			children = (
				2173A500250A207600363CA8 /* part_one05.h */,
			);
			path = Chapter05;
			sourceTree = "<group>";
		};
/* End PBXGroup section */

/* Begin PBXNativeTarget section */
		21657FD22500FCF1007F0955 /* Course */ = {
			isa = PBXNativeTarget;
			buildConfigurationList = 21657FDA2500FCF1007F0955 /* Build configuration list for PBXNativeTarget "Course" */;
			buildPhases = (
				21657FCF2500FCF1007F0955 /* Sources */,
				21657FD02500FCF1007F0955 /* Frameworks */,
				21657FD12500FCF1007F0955 /* CopyFiles */,
			);
			buildRules = (
			);
			dependencies = (
			);
			name = Course;
			productName = Course;
			productReference = 21657FD32500FCF1007F0955 /* Course */;
			productType = "com.apple.product-type.tool";
		};
/* End PBXNativeTarget section */

/* Begin PBXProject section */
		21657FCB2500FCF1007F0955 /* Project object */ = {
			isa = PBXProject;
			attributes = {
				LastUpgradeCheck = 1160;
				ORGANIZATIONNAME = xing;
				TargetAttributes = {
					21657FD22500FCF1007F0955 = {
						CreatedOnToolsVersion = 11.6;
					};
				};
			};
			buildConfigurationList = 21657FCE2500FCF1007F0955 /* Build configuration list for PBXProject "Course" */;
			compatibilityVersion = "Xcode 9.3";
			developmentRegion = en;
			hasScannedForEncodings = 0;
			knownRegions = (
				en,
				Base,
			);
			mainGroup = 21657FCA2500FCF1007F0955;
			productRefGroup = 21657FD42500FCF1007F0955 /* Products */;
			projectDirPath = "";
			projectRoot = "";
			targets = (
				21657FD22500FCF1007F0955 /* Course */,
			);
		};
/* End PBXProject section */

/* Begin PBXSourcesBuildPhase section */
		21657FCF2500FCF1007F0955 /* Sources */ = {
			isa = PBXSourcesBuildPhase;
			buildActionMask = 2147483647;
			files = (
				21657FD72500FCF1007F0955 /* main.cpp in Sources */,
			);
			runOnlyForDeploymentPostprocessing = 0;
		};
/* End PBXSourcesBuildPhase section */

/* Begin XCBuildConfiguration section */
		21657FD82500FCF1007F0955 /* Debug */ = {
			isa = XCBuildConfiguration;
			buildSettings = {
				ALWAYS_SEARCH_USER_PATHS = NO;
				CLANG_ANALYZER_NONNULL = YES;
				CLANG_ANALYZER_NUMBER_OBJECT_CONVERSION = YES_AGGRESSIVE;
				CLANG_CXX_LANGUAGE_STANDARD = "gnu++14";
				CLANG_CXX_LIBRARY = "libc++";
				CLANG_ENABLE_MODULES = YES;
				CLANG_ENABLE_OBJC_ARC = YES;
				CLANG_ENABLE_OBJC_WEAK = YES;
				CLANG_WARN_BLOCK_CAPTURE_AUTORELEASING = YES;
				CLANG_WARN_BOOL_CONVERSION = YES;
				CLANG_WARN_COMMA = YES;
				CLANG_WARN_CONSTANT_CONVERSION = YES;
				CLANG_WARN_DEPRECATED_OBJC_IMPLEMENTATIONS = YES;
				CLANG_WARN_DIRECT_OBJC_ISA_USAGE = YES_ERROR;
				CLANG_WARN_DOCUMENTATION_COMMENTS = YES;
				CLANG_WARN_EMPTY_BODY = YES;
				CLANG_WARN_ENUM_CONVERSION = YES;
				CLANG_WARN_INFINITE_RECURSION = YES;
				CLANG_WARN_INT_CONVERSION = YES;
				CLANG_WARN_NON_LITERAL_NULL_CONVERSION = YES;
				CLANG_WARN_OBJC_IMPLICIT_RETAIN_SELF = YES;
				CLANG_WARN_OBJC_LITERAL_CONVERSION = YES;
				CLANG_WARN_OBJC_ROOT_CLASS = YES_ERROR;
				CLANG_WARN_RANGE_LOOP_ANALYSIS = YES;
				CLANG_WARN_STRICT_PROTOTYPES = YES;
				CLANG_WARN_SUSPICIOUS_MOVE = YES;
				CLANG_WARN_UNGUARDED_AVAILABILITY = YES_AGGRESSIVE;
				CLANG_WARN_UNREACHABLE_CODE = YES;
				CLANG_WARN__DUPLICATE_METHOD_MATCH = YES;
				COPY_PHASE_STRIP = NO;
				DEBUG_INFORMATION_FORMAT = dwarf;
				ENABLE_STRICT_OBJC_MSGSEND = YES;
				ENABLE_TESTABILITY = YES;
				GCC_C_LANGUAGE_STANDARD = gnu11;
				GCC_DYNAMIC_NO_PIC = NO;
				GCC_NO_COMMON_BLOCKS = YES;
				GCC_OPTIMIZATION_LEVEL = 0;
				GCC_PREPROCESSOR_DEFINITIONS = (
					"DEBUG=1",
					"$(inherited)",
				);
				GCC_WARN_64_TO_32_BIT_CONVERSION = YES;
				GCC_WARN_ABOUT_RETURN_TYPE = YES_ERROR;
				GCC_WARN_UNDECLARED_SELECTOR = YES;
				GCC_WARN_UNINITIALIZED_AUTOS = YES_AGGRESSIVE;
				GCC_WARN_UNUSED_FUNCTION = YES;
				GCC_WARN_UNUSED_VARIABLE = YES;
				MACOSX_DEPLOYMENT_TARGET = 10.15;
				MTL_ENABLE_DEBUG_INFO = INCLUDE_SOURCE;
				MTL_FAST_MATH = YES;
				ONLY_ACTIVE_ARCH = YES;
				SDKROOT = macosx;
			};
			name = Debug;
		};
		21657FD92500FCF1007F0955 /* Release */ = {
			isa = XCBuildConfiguration;
			buildSettings = {
				ALWAYS_SEARCH_USER_PATHS = NO;
				CLANG_ANALYZER_NONNULL = YES;
				CLANG_ANALYZER_NUMBER_OBJECT_CONVERSION = YES_AGGRESSIVE;
				CLANG_CXX_LANGUAGE_STANDARD = "gnu++14";
				CLANG_CXX_LIBRARY = "libc++";
				CLANG_ENABLE_MODULES = YES;
				CLANG_ENABLE_OBJC_ARC = YES;
				CLANG_ENABLE_OBJC_WEAK = YES;
				CLANG_WARN_BLOCK_CAPTURE_AUTORELEASING = YES;
				CLANG_WARN_BOOL_CONVERSION = YES;
				CLANG_WARN_COMMA = YES;
				CLANG_WARN_CONSTANT_CONVERSION = YES;
				CLANG_WARN_DEPRECATED_OBJC_IMPLEMENTATIONS = YES;
				CLANG_WARN_DIRECT_OBJC_ISA_USAGE = YES_ERROR;
				CLANG_WARN_DOCUMENTATION_COMMENTS = YES;
				CLANG_WARN_EMPTY_BODY = YES;
				CLANG_WARN_ENUM_CONVERSION = YES;
				CLANG_WARN_INFINITE_RECURSION = YES;
				CLANG_WARN_INT_CONVERSION = YES;
				CLANG_WARN_NON_LITERAL_NULL_CONVERSION = YES;
				CLANG_WARN_OBJC_IMPLICIT_RETAIN_SELF = YES;
				CLANG_WARN_OBJC_LITERAL_CONVERSION = YES;
				CLANG_WARN_OBJC_ROOT_CLASS = YES_ERROR;
				CLANG_WARN_RANGE_LOOP_ANALYSIS = YES;
				CLANG_WARN_STRICT_PROTOTYPES = YES;
				CLANG_WARN_SUSPICIOUS_MOVE = YES;
				CLANG_WARN_UNGUARDED_AVAILABILITY = YES_AGGRESSIVE;
				CLANG_WARN_UNREACHABLE_CODE = YES;
				CLANG_WARN__DUPLICATE_METHOD_MATCH = YES;
				COPY_PHASE_STRIP = NO;
				DEBUG_INFORMATION_FORMAT = "dwarf-with-dsym";
				ENABLE_NS_ASSERTIONS = NO;
				ENABLE_STRICT_OBJC_MSGSEND = YES;
				GCC_C_LANGUAGE_STANDARD = gnu11;
				GCC_NO_COMMON_BLOCKS = YES;
				GCC_WARN_64_TO_32_BIT_CONVERSION = YES;
				GCC_WARN_ABOUT_RETURN_TYPE = YES_ERROR;
				GCC_WARN_UNDECLARED_SELECTOR = YES;
				GCC_WARN_UNINITIALIZED_AUTOS = YES_AGGRESSIVE;
				GCC_WARN_UNUSED_FUNCTION = YES;
				GCC_WARN_UNUSED_VARIABLE = YES;
				MACOSX_DEPLOYMENT_TARGET = 10.15;
				MTL_ENABLE_DEBUG_INFO = NO;
				MTL_FAST_MATH = YES;
				SDKROOT = macosx;
			};
			name = Release;
		};
		21657FDB2500FCF1007F0955 /* Debug */ = {
			isa = XCBuildConfiguration;
			buildSettings = {
				CODE_SIGN_STYLE = Automatic;
				PRODUCT_NAME = "$(TARGET_NAME)";
			};
			name = Debug;
		};
		21657FDC2500FCF1007F0955 /* Release */ = {
			isa = XCBuildConfiguration;
			buildSettings = {
				CODE_SIGN_STYLE = Automatic;
				PRODUCT_NAME = "$(TARGET_NAME)";
			};
			name = Release;
		};
/* End XCBuildConfiguration section */

/* Begin XCConfigurationList section */
		21657FCE2500FCF1007F0955 /* Build configuration list for PBXProject "Course" */ = {
			isa = XCConfigurationList;
			buildConfigurations = (
				21657FD82500FCF1007F0955 /* Debug */,
				21657FD92500FCF1007F0955 /* Release */,
			);
			defaultConfigurationIsVisible = 0;
			defaultConfigurationName = Release;
		};
		21657FDA2500FCF1007F0955 /* Build configuration list for PBXNativeTarget "Course" */ = {
			isa = XCConfigurationList;
			buildConfigurations = (
				21657FDB2500FCF1007F0955 /* Debug */,
				21657FDC2500FCF1007F0955 /* Release */,
			);
			defaultConfigurationIsVisible = 0;
			defaultConfigurationName = Release;
		};
/* End XCConfigurationList section */
	};
	rootObject = 21657FCB2500FCF1007F0955 /* Project object */;
}
